
Microsoft Visual Studio Solution File, Format Version 12.00
# Visual Studio Version 17
VisualStudioVersion = 17.11.35303.130
MinimumVisualStudioVersion = 10.0.40219.1
Project("{2150E333-8FDC-42A3-9474-1A3956D46DE8}") = "Task0", "Task0", "{32AF6E16-DFCE-4893-8E62-F2E14A056FC5}"
EndProject
Project("{FAE04EC0-301F-11D3-BF4B-00C04F79EFBC}") = "Tyuiu.RotachAO.Sprint4.Task0.V21", "Tyuiu.RotachAO.Sprint4.Task0.V21\Tyuiu.RotachAO.Sprint4.Task0.V21.csproj", "{EA6A5661-3567-4BA2-A9F6-9830A72B0423}"
EndProject
Project("{FAE04EC0-301F-11D3-BF4B-00C04F79EFBC}") = "Tyuiu.RotachAO.Sprint4.Task0.V21.Lib", "Tyuiu.RotachAO.Sprint4.Task0.V21.Lib\Tyuiu.RotachAO.Sprint4.Task0.V21.Lib.csproj", "{E1915029-3CCF-41FA-9D56-8FF45CF47C5B}"
EndProject
Project("{FAE04EC0-301F-11D3-BF4B-00C04F79EFBC}") = "Tyuiu.RotachAO.Sprint4.Task0.V21.Test", "Tyuiu.RotachAO.Sprint4.Task0.V21.Test\Tyuiu.RotachAO.Sprint4.Task0.V21.Test.csproj", "{45AE444A-FD5D-4D52-8D7C-B994B0D01A78}"
EndProject
Project("{2150E333-8FDC-42A3-9474-1A3956D46DE8}") = "Task1", "Task1", "{591399A0-387D-4258-89CB-27E0BE2F450A}"
EndProject
Project("{FAE04EC0-301F-11D3-BF4B-00C04F79EFBC}") = "Tyuiu.RotachAO.Sprint4.Task1.V28", "Tyuiu.RotachAO.Sprint4.Task1.V28\Tyuiu.RotachAO.Sprint4.Task1.V28.csproj", "{56CA9705-CD03-47D6-A90F-CBBF46BC073D}"
EndProject
Project("{FAE04EC0-301F-11D3-BF4B-00C04F79EFBC}") = "Tyuiu.RotachAO.Sprint4.Task1.V28.Lib", "Tyuiu.RotachAO.Sprint4.Task1.V28.Lib\Tyuiu.RotachAO.Sprint4.Task1.V28.Lib.csproj", "{AA076B4F-55CF-48BE-A7F3-EDA326678035}"
EndProject
Project("{FAE04EC0-301F-11D3-BF4B-00C04F79EFBC}") = "Tyuiu.RotachAO.Sprint4.Task1.V28.Test", "Tyuiu.RotachAO.Sprint4.Task1.V28.Test\Tyuiu.RotachAO.Sprint4.Task1.V28.Test.csproj", "{1DE1A046-8E2B-44F7-A65E-3739F8697D65}"
EndProject
Project("{2150E333-8FDC-42A3-9474-1A3956D46DE8}") = "Task2", "Task2", "{151C18EE-3DC7-4963-A075-B062968FFD29}"
EndProject
Project("{FAE04EC0-301F-11D3-BF4B-00C04F79EFBC}") = "Tyuiu.RotachAO.Sprint4.Task2.V27", "Tyuiu.RotachAO.Sprint4.Task2.V27\Tyuiu.RotachAO.Sprint4.Task2.V27.csproj", "{C6DB5C27-715F-4327-AAE8-2F0C8DEBDB28}"
EndProject
Project("{FAE04EC0-301F-11D3-BF4B-00C04F79EFBC}") = "Tyuiu.RotachAO.Sprint4.Task2.V27.Lib", "Tyuiu.RotachAO.Sprint4.Task2.V27.Lib\Tyuiu.RotachAO.Sprint4.Task2.V27.Lib.csproj", "{50FA7AAA-5C35-4527-938B-7308A287FA59}"
EndProject
Project("{FAE04EC0-301F-11D3-BF4B-00C04F79EFBC}") = "Tyuiu.RotachAO.Sprint4.Task2.V27.Test", "Tyuiu.RotachAO.Sprint4.Task2.V27.Test\Tyuiu.RotachAO.Sprint4.Task2.V27.Test.csproj", "{EBE70469-B19E-4EEC-A008-049B8BD09108}"
EndProject
Global
	GlobalSection(SolutionProperties) = preSolution
		HideSolutionNode = FALSE
	EndGlobalSection
	GlobalSection(ExtensibilityGlobals) = postSolution
		SolutionGuid = {81580873-9E1D-4D65-9EB4-0372CC14C6B6}
	EndGlobalSection
	GlobalSection(SolutionConfigurationPlatforms) = preSolution
		Debug|Any CPU = Debug|Any CPU
		Debug|x64 = Debug|x64
		Debug|x86 = Debug|x86
		Release|Any CPU = Release|Any CPU
		Release|x64 = Release|x64
		Release|x86 = Release|x86
	EndGlobalSection
	GlobalSection(ProjectConfigurationPlatforms) = postSolution
		{EA6A5661-3567-4BA2-A9F6-9830A72B0423}.Debug|Any CPU.ActiveCfg = Debug|Any CPU
		{EA6A5661-3567-4BA2-A9F6-9830A72B0423}.Debug|Any CPU.Build.0 = Debug|Any CPU
		{EA6A5661-3567-4BA2-A9F6-9830A72B0423}.Debug|x64.ActiveCfg = Debug|Any CPU
		{EA6A5661-3567-4BA2-A9F6-9830A72B0423}.Debug|x64.Build.0 = Debug|Any CPU
		{EA6A5661-3567-4BA2-A9F6-9830A72B0423}.Debug|x86.ActiveCfg = Debug|Any CPU
		{EA6A5661-3567-4BA2-A9F6-9830A72B0423}.Debug|x86.Build.0 = Debug|Any CPU
		{EA6A5661-3567-4BA2-A9F6-9830A72B0423}.Release|Any CPU.ActiveCfg = Release|Any CPU
		{EA6A5661-3567-4BA2-A9F6-9830A72B0423}.Release|Any CPU.Build.0 = Release|Any CPU
		{EA6A5661-3567-4BA2-A9F6-9830A72B0423}.Release|x64.ActiveCfg = Release|Any CPU
		{EA6A5661-3567-4BA2-A9F6-9830A72B0423}.Release|x64.Build.0 = Release|Any CPU
		{EA6A5661-3567-4BA2-A9F6-9830A72B0423}.Release|x86.ActiveCfg = Release|Any CPU
		{EA6A5661-3567-4BA2-A9F6-9830A72B0423}.Release|x86.Build.0 = Release|Any CPU
		{E1915029-3CCF-41FA-9D56-8FF45CF47C5B}.Debug|Any CPU.ActiveCfg = Debug|Any CPU
		{E1915029-3CCF-41FA-9D56-8FF45CF47C5B}.Debug|Any CPU.Build.0 = Debug|Any CPU
		{E1915029-3CCF-41FA-9D56-8FF45CF47C5B}.Debug|x64.ActiveCfg = Debug|Any CPU
		{E1915029-3CCF-41FA-9D56-8FF45CF47C5B}.Debug|x64.Build.0 = Debug|Any CPU
		{E1915029-3CCF-41FA-9D56-8FF45CF47C5B}.Debug|x86.ActiveCfg = Debug|Any CPU
		{E1915029-3CCF-41FA-9D56-8FF45CF47C5B}.Debug|x86.Build.0 = Debug|Any CPU
		{E1915029-3CCF-41FA-9D56-8FF45CF47C5B}.Release|Any CPU.ActiveCfg = Release|Any CPU
		{E1915029-3CCF-41FA-9D56-8FF45CF47C5B}.Release|Any CPU.Build.0 = Release|Any CPU
		{E1915029-3CCF-41FA-9D56-8FF45CF47C5B}.Release|x64.ActiveCfg = Release|Any CPU
		{E1915029-3CCF-41FA-9D56-8FF45CF47C5B}.Release|x64.Build.0 = Release|Any CPU
		{E1915029-3CCF-41FA-9D56-8FF45CF47C5B}.Release|x86.ActiveCfg = Release|Any CPU
		{E1915029-3CCF-41FA-9D56-8FF45CF47C5B}.Release|x86.Build.0 = Release|Any CPU
		{45AE444A-FD5D-4D52-8D7C-B994B0D01A78}.Debug|Any CPU.ActiveCfg = Debug|Any CPU
		{45AE444A-FD5D-4D52-8D7C-B994B0D01A78}.Debug|Any CPU.Build.0 = Debug|Any CPU
		{45AE444A-FD5D-4D52-8D7C-B994B0D01A78}.Debug|x64.ActiveCfg = Debug|Any CPU
		{45AE444A-FD5D-4D52-8D7C-B994B0D01A78}.Debug|x64.Build.0 = Debug|Any CPU
		{45AE444A-FD5D-4D52-8D7C-B994B0D01A78}.Debug|x86.ActiveCfg = Debug|Any CPU
		{45AE444A-FD5D-4D52-8D7C-B994B0D01A78}.Debug|x86.Build.0 = Debug|Any CPU
		{45AE444A-FD5D-4D52-8D7C-B994B0D01A78}.Release|Any CPU.ActiveCfg = Release|Any CPU
		{45AE444A-FD5D-4D52-8D7C-B994B0D01A78}.Release|Any CPU.Build.0 = Release|Any CPU
		{45AE444A-FD5D-4D52-8D7C-B994B0D01A78}.Release|x64.ActiveCfg = Release|Any CPU
		{45AE444A-FD5D-4D52-8D7C-B994B0D01A78}.Release|x64.Build.0 = Release|Any CPU
		{45AE444A-FD5D-4D52-8D7C-B994B0D01A78}.Release|x86.ActiveCfg = Release|Any CPU
		{45AE444A-FD5D-4D52-8D7C-B994B0D01A78}.Release|x86.Build.0 = Release|Any CPU
		{56CA9705-CD03-47D6-A90F-CBBF46BC073D}.Debug|Any CPU.ActiveCfg = Debug|Any CPU
		{56CA9705-CD03-47D6-A90F-CBBF46BC073D}.Debug|Any CPU.Build.0 = Debug|Any CPU
		{56CA9705-CD03-47D6-A90F-CBBF46BC073D}.Debug|x64.ActiveCfg = Debug|Any CPU
		{56CA9705-CD03-47D6-A90F-CBBF46BC073D}.Debug|x64.Build.0 = Debug|Any CPU
		{56CA9705-CD03-47D6-A90F-CBBF46BC073D}.Debug|x86.ActiveCfg = Debug|Any CPU
		{56CA9705-CD03-47D6-A90F-CBBF46BC073D}.Debug|x86.Build.0 = Debug|Any CPU
		{56CA9705-CD03-47D6-A90F-CBBF46BC073D}.Release|Any CPU.ActiveCfg = Release|Any CPU
		{56CA9705-CD03-47D6-A90F-CBBF46BC073D}.Release|Any CPU.Build.0 = Release|Any CPU
		{56CA9705-CD03-47D6-A90F-CBBF46BC073D}.Release|x64.ActiveCfg = Release|Any CPU
		{56CA9705-CD03-47D6-A90F-CBBF46BC073D}.Release|x64.Build.0 = Release|Any CPU
		{56CA9705-CD03-47D6-A90F-CBBF46BC073D}.Release|x86.ActiveCfg = Release|Any CPU
		{56CA9705-CD03-47D6-A90F-CBBF46BC073D}.Release|x86.Build.0 = Release|Any CPU
		{AA076B4F-55CF-48BE-A7F3-EDA326678035}.Debug|Any CPU.ActiveCfg = Debug|Any CPU
		{AA076B4F-55CF-48BE-A7F3-EDA326678035}.Debug|Any CPU.Build.0 = Debug|Any CPU
		{AA076B4F-55CF-48BE-A7F3-EDA326678035}.Debug|x64.ActiveCfg = Debug|Any CPU
		{AA076B4F-55CF-48BE-A7F3-EDA326678035}.Debug|x64.Build.0 = Debug|Any CPU
		{AA076B4F-55CF-48BE-A7F3-EDA326678035}.Debug|x86.ActiveCfg = Debug|Any CPU
		{AA076B4F-55CF-48BE-A7F3-EDA326678035}.Debug|x86.Build.0 = Debug|Any CPU
		{AA076B4F-55CF-48BE-A7F3-EDA326678035}.Release|Any CPU.ActiveCfg = Release|Any CPU
		{AA076B4F-55CF-48BE-A7F3-EDA326678035}.Release|Any CPU.Build.0 = Release|Any CPU
		{AA076B4F-55CF-48BE-A7F3-EDA326678035}.Release|x64.ActiveCfg = Release|Any CPU
		{AA076B4F-55CF-48BE-A7F3-EDA326678035}.Release|x64.Build.0 = Release|Any CPU
		{AA076B4F-55CF-48BE-A7F3-EDA326678035}.Release|x86.ActiveCfg = Release|Any CPU
		{AA076B4F-55CF-48BE-A7F3-EDA326678035}.Release|x86.Build.0 = Release|Any CPU
		{1DE1A046-8E2B-44F7-A65E-3739F8697D65}.Debug|Any CPU.ActiveCfg = Debug|Any CPU
		{1DE1A046-8E2B-44F7-A65E-3739F8697D65}.Debug|Any CPU.Build.0 = Debug|Any CPU
		{1DE1A046-8E2B-44F7-A65E-3739F8697D65}.Debug|x64.ActiveCfg = Debug|Any CPU
		{1DE1A046-8E2B-44F7-A65E-3739F8697D65}.Debug|x64.Build.0 = Debug|Any CPU
		{1DE1A046-8E2B-44F7-A65E-3739F8697D65}.Debug|x86.ActiveCfg = Debug|Any CPU
		{1DE1A046-8E2B-44F7-A65E-3739F8697D65}.Debug|x86.Build.0 = Debug|Any CPU
		{1DE1A046-8E2B-44F7-A65E-3739F8697D65}.Release|Any CPU.ActiveCfg = Release|Any CPU
		{1DE1A046-8E2B-44F7-A65E-3739F8697D65}.Release|Any CPU.Build.0 = Release|Any CPU
		{1DE1A046-8E2B-44F7-A65E-3739F8697D65}.Release|x64.ActiveCfg = Release|Any CPU
		{1DE1A046-8E2B-44F7-A65E-3739F8697D65}.Release|x64.Build.0 = Release|Any CPU
		{1DE1A046-8E2B-44F7-A65E-3739F8697D65}.Release|x86.ActiveCfg = Release|Any CPU
		{1DE1A046-8E2B-44F7-A65E-3739F8697D65}.Release|x86.Build.0 = Release|Any CPU
		{C6DB5C27-715F-4327-AAE8-2F0C8DEBDB28}.Debug|Any CPU.ActiveCfg = Debug|Any CPU
		{C6DB5C27-715F-4327-AAE8-2F0C8DEBDB28}.Debug|Any CPU.Build.0 = Debug|Any CPU
		{C6DB5C27-715F-4327-AAE8-2F0C8DEBDB28}.Debug|x64.ActiveCfg = Debug|Any CPU
		{C6DB5C27-715F-4327-AAE8-2F0C8DEBDB28}.Debug|x64.Build.0 = Debug|Any CPU
		{C6DB5C27-715F-4327-AAE8-2F0C8DEBDB28}.Debug|x86.ActiveCfg = Debug|Any CPU
		{C6DB5C27-715F-4327-AAE8-2F0C8DEBDB28}.Debug|x86.Build.0 = Debug|Any CPU
		{C6DB5C27-715F-4327-AAE8-2F0C8DEBDB28}.Release|Any CPU.ActiveCfg = Release|Any CPU
		{C6DB5C27-715F-4327-AAE8-2F0C8DEBDB28}.Release|Any CPU.Build.0 = Release|Any CPU
		{C6DB5C27-715F-4327-AAE8-2F0C8DEBDB28}.Release|x64.ActiveCfg = Release|Any CPU
		{C6DB5C27-715F-4327-AAE8-2F0C8DEBDB28}.Release|x64.Build.0 = Release|Any CPU
		{C6DB5C27-715F-4327-AAE8-2F0C8DEBDB28}.Release|x86.ActiveCfg = Release|Any CPU
		{C6DB5C27-715F-4327-AAE8-2F0C8DEBDB28}.Release|x86.Build.0 = Release|Any CPU
		{50FA7AAA-5C35-4527-938B-7308A287FA59}.Debug|Any CPU.ActiveCfg = Debug|Any CPU
		{50FA7AAA-5C35-4527-938B-7308A287FA59}.Debug|Any CPU.Build.0 = Debug|Any CPU
		{50FA7AAA-5C35-4527-938B-7308A287FA59}.Debug|x64.ActiveCfg = Debug|Any CPU
		{50FA7AAA-5C35-4527-938B-7308A287FA59}.Debug|x64.Build.0 = Debug|Any CPU
		{50FA7AAA-5C35-4527-938B-7308A287FA59}.Debug|x86.ActiveCfg = Debug|Any CPU
		{50FA7AAA-5C35-4527-938B-7308A287FA59}.Debug|x86.Build.0 = Debug|Any CPU
		{50FA7AAA-5C35-4527-938B-7308A287FA59}.Release|Any CPU.ActiveCfg = Release|Any CPU
		{50FA7AAA-5C35-4527-938B-7308A287FA59}.Release|Any CPU.Build.0 = Release|Any CPU
		{50FA7AAA-5C35-4527-938B-7308A287FA59}.Release|x64.ActiveCfg = Release|Any CPU
		{50FA7AAA-5C35-4527-938B-7308A287FA59}.Release|x64.Build.0 = Release|Any CPU
		{50FA7AAA-5C35-4527-938B-7308A287FA59}.Release|x86.ActiveCfg = Release|Any CPU
		{50FA7AAA-5C35-4527-938B-7308A287FA59}.Release|x86.Build.0 = Release|Any CPU
		{EBE70469-B19E-4EEC-A008-049B8BD09108}.Debug|Any CPU.ActiveCfg = Debug|Any CPU
		{EBE70469-B19E-4EEC-A008-049B8BD09108}.Debug|Any CPU.Build.0 = Debug|Any CPU
		{EBE70469-B19E-4EEC-A008-049B8BD09108}.Debug|x64.ActiveCfg = Debug|Any CPU
		{EBE70469-B19E-4EEC-A008-049B8BD09108}.Debug|x64.Build.0 = Debug|Any CPU
		{EBE70469-B19E-4EEC-A008-049B8BD09108}.Debug|x86.ActiveCfg = Debug|Any CPU
		{EBE70469-B19E-4EEC-A008-049B8BD09108}.Debug|x86.Build.0 = Debug|Any CPU
		{EBE70469-B19E-4EEC-A008-049B8BD09108}.Release|Any CPU.ActiveCfg = Release|Any CPU
		{EBE70469-B19E-4EEC-A008-049B8BD09108}.Release|Any CPU.Build.0 = Release|Any CPU
		{EBE70469-B19E-4EEC-A008-049B8BD09108}.Release|x64.ActiveCfg = Release|Any CPU
		{EBE70469-B19E-4EEC-A008-049B8BD09108}.Release|x64.Build.0 = Release|Any CPU
		{EBE70469-B19E-4EEC-A008-049B8BD09108}.Release|x86.ActiveCfg = Release|Any CPU
		{EBE70469-B19E-4EEC-A008-049B8BD09108}.Release|x86.Build.0 = Release|Any CPU
	EndGlobalSection
	GlobalSection(NestedProjects) = preSolution
		{EA6A5661-3567-4BA2-A9F6-9830A72B0423} = {32AF6E16-DFCE-4893-8E62-F2E14A056FC5}
		{E1915029-3CCF-41FA-9D56-8FF45CF47C5B} = {32AF6E16-DFCE-4893-8E62-F2E14A056FC5}
		{45AE444A-FD5D-4D52-8D7C-B994B0D01A78} = {32AF6E16-DFCE-4893-8E62-F2E14A056FC5}
		{56CA9705-CD03-47D6-A90F-CBBF46BC073D} = {591399A0-387D-4258-89CB-27E0BE2F450A}
		{AA076B4F-55CF-48BE-A7F3-EDA326678035} = {591399A0-387D-4258-89CB-27E0BE2F450A}
		{1DE1A046-8E2B-44F7-A65E-3739F8697D65} = {591399A0-387D-4258-89CB-27E0BE2F450A}
		{C6DB5C27-715F-4327-AAE8-2F0C8DEBDB28} = {151C18EE-3DC7-4963-A075-B062968FFD29}
		{50FA7AAA-5C35-4527-938B-7308A287FA59} = {151C18EE-3DC7-4963-A075-B062968FFD29}
		{EBE70469-B19E-4EEC-A008-049B8BD09108} = {151C18EE-3DC7-4963-A075-B062968FFD29}
	EndGlobalSection
EndGlobal
